
Microsoft Visual Studio Solution File, Format Version 12.00
# Visual Studio Version 17
VisualStudioVersion = 17.6.33723.286
MinimumVisualStudioVersion = 10.0.40219.1
Project("{FAE04EC0-301F-11D3-BF4B-00C04F79EFBC}") = "Zadanie2", "Zadanie2.csproj", "{A6203AF3-C6E8-44FF-A431-0E95ACF36350}"
EndProject
Global
	GlobalSection(SolutionConfigurationPlatforms) = preSolution
		Debug|Any CPU = Debug|Any CPU
		Release|Any CPU = Release|Any CPU
	EndGlobalSection
	GlobalSection(ProjectConfigurationPlatforms) = postSolution
		{A6203AF3-C6E8-44FF-A431-0E95ACF36350}.Debug|Any CPU.ActiveCfg = Debug|Any CPU
		{A6203AF3-C6E8-44FF-A431-0E95ACF36350}.Debug|Any CPU.Build.0 = Debug|Any CPU
		{A6203AF3-C6E8-44FF-A431-0E95ACF36350}.Release|Any CPU.ActiveCfg = Release|Any CPU
		{A6203AF3-C6E8-44FF-A431-0E95ACF36350}.Release|Any CPU.Build.0 = Release|Any CPU
	EndGlobalSection
	GlobalSection(SolutionProperties) = preSolution
		HideSolutionNode = FALSE
	EndGlobalSection
	GlobalSection(ExtensibilityGlobals) = postSolution
		SolutionGuid = {C2ADD853-A932-440E-9F15-DC9CA481EC8B}
	EndGlobalSection
EndGlobal
